{
  "requires": true,
  "lockfileVersion": 1,
  "dependencies": {
    "@types/lodash": {
      "version": "4.14.148",
      "resolved": "https://registry.npmjs.org/@types/lodash/-/lodash-4.14.148.tgz",
      "integrity": "sha512-05+sIGPev6pwpHF7NZKfP3jcXhXsIVFnYyVRT4WOB0me62E8OlWfTN+sKyt2/rqN+ETxuHAtgTSK1v71F0yncg=="
    },
    "@types/node": {
      "version": "12.12.8",
      "resolved": "https://registry.npmjs.org/@types/node/-/node-12.12.8.tgz",
      "integrity": "sha512-XLla8N+iyfjvsa0KKV+BP/iGSoTmwxsu5Ci5sM33z9TjohF72DEz95iNvD6pPmemvbQgxAv/909G73gUn8QR7w=="
    },
    "adler-32": {
      "version": "1.2.0",
      "resolved": "https://registry.npmjs.org/adler-32/-/adler-32-1.2.0.tgz",
      "integrity": "sha1-aj5r8KY5ALoVZSgIyxXGgT0aXyU=",
      "requires": {
        "exit-on-epipe": "~1.0.1",
        "printj": "~1.1.0"
      }
    },
    "ansi-escape-sequences": {
      "version": "4.1.0",
      "resolved": "https://registry.npmjs.org/ansi-escape-sequences/-/ansi-escape-sequences-4.1.0.tgz",
      "integrity": "sha512-dzW9kHxH011uBsidTXd14JXgzye/YLb2LzeKZ4bsgl/Knwx8AtbSFkkGxagdNOoh0DlqHCmfiEjWKBaqjOanVw==",
      "requires": {
        "array-back": "^3.0.1"
      },
      "dependencies": {
        "array-back": {
          "version": "3.1.0",
          "resolved": "https://registry.npmjs.org/array-back/-/array-back-3.1.0.tgz",
          "integrity": "sha512-TkuxA4UCOvxuDK6NZYXCalszEzj+TLszyASooky+i742l9TqsOdYCMJJupxRic61hwquNtppB3hgcuq9SVSH1Q=="
        }
      }
    },
    "ansi-regex": {
      "version": "3.0.0",
      "resolved": "https://registry.npmjs.org/ansi-regex/-/ansi-regex-3.0.0.tgz",
      "integrity": "sha1-7QMXwyIGT3lGbAKWa922Bas32Zg="
    },
    "archiver": {
      "version": "3.1.1",
      "resolved": "https://registry.npmjs.org/archiver/-/archiver-3.1.1.tgz",
      "integrity": "sha512-5Hxxcig7gw5Jod/8Gq0OneVgLYET+oNHcxgWItq4TbhOzRLKNAFUb9edAftiMKXvXfCB0vbGrJdZDNq0dWMsxg==",
      "requires": {
        "archiver-utils": "^2.1.0",
        "async": "^2.6.3",
        "buffer-crc32": "^0.2.1",
        "glob": "^7.1.4",
        "readable-stream": "^3.4.0",
        "tar-stream": "^2.1.0",
        "zip-stream": "^2.1.2"
      },
      "dependencies": {
        "readable-stream": {
          "version": "3.4.0",
          "resolved": "https://registry.npmjs.org/readable-stream/-/readable-stream-3.4.0.tgz",
          "integrity": "sha512-jItXPLmrSR8jmTRmRWJXCnGJsfy85mB3Wd/uINMXA65yrnFo0cPClFIUWzo2najVNSl+mx7/4W8ttlLWJe99pQ==",
          "requires": {
            "inherits": "^2.0.3",
            "string_decoder": "^1.1.1",
            "util-deprecate": "^1.0.1"
          }
        }
      }
    },
    "archiver-utils": {
      "version": "2.1.0",
      "resolved": "https://registry.npmjs.org/archiver-utils/-/archiver-utils-2.1.0.tgz",
      "integrity": "sha512-bEL/yUb/fNNiNTuUz979Z0Yg5L+LzLxGJz8x79lYmR54fmTIb6ob/hNQgkQnIUDWIFjZVQwl9Xs356I6BAMHfw==",
      "requires": {
        "glob": "^7.1.4",
        "graceful-fs": "^4.2.0",
        "lazystream": "^1.0.0",
        "lodash.defaults": "^4.2.0",
        "lodash.difference": "^4.5.0",
        "lodash.flatten": "^4.4.0",
        "lodash.isplainobject": "^4.0.6",
        "lodash.union": "^4.6.0",
        "normalize-path": "^3.0.0",
        "readable-stream": "^2.0.0"
      }
    },
    "argparse": {
      "version": "1.0.10",
      "resolved": "https://registry.npmjs.org/argparse/-/argparse-1.0.10.tgz",
      "integrity": "sha512-o5Roy6tNG4SL/FOkCAN6RzjiakZS25RLYFrcMttJqbdd8BWrnA+fGz57iN5Pb06pvBGvl5gQ0B48dJlslXvoTg==",
      "requires": {
        "sprintf-js": "~1.0.2"
      }
    },
    "array-back": {
      "version": "2.0.0",
      "resolved": "https://registry.npmjs.org/array-back/-/array-back-2.0.0.tgz",
      "integrity": "sha512-eJv4pLLufP3g5kcZry0j6WXpIbzYw9GUB4mVJZno9wfwiBxbizTnHCw3VJb07cBihbFX48Y7oSrW9y+gt4glyw==",
      "requires": {
        "typical": "^2.6.1"
      }
    },
    "async": {
      "version": "2.6.3",
      "resolved": "https://registry.npmjs.org/async/-/async-2.6.3.tgz",
      "integrity": "sha512-zflvls11DCy+dQWzTW2dzuilv8Z5X/pjfmZOWba6TNIVDm+2UDaJmXSOXlasHKfNBs8oo3M0aT50fDEWfKZjXg==",
      "requires": {
        "lodash": "^4.17.14"
      }
    },
    "balanced-match": {
      "version": "1.0.0",
      "resolved": "https://registry.npmjs.org/balanced-match/-/balanced-match-1.0.0.tgz",
      "integrity": "sha1-ibTRmasr7kneFk6gK4nORi1xt2c="
    },
    "base64-js": {
      "version": "1.3.1",
      "resolved": "https://registry.npmjs.org/base64-js/-/base64-js-1.3.1.tgz",
      "integrity": "sha512-mLQ4i2QO1ytvGWFWmcngKO//JXAQueZvwEKtjgQFM4jIK0kU+ytMfplL8j+n5mspOfjHwoAg+9yhb7BwAHm36g=="
    },
    "big-integer": {
      "version": "1.6.47",
      "resolved": "https://registry.npmjs.org/big-integer/-/big-integer-1.6.47.tgz",
      "integrity": "sha512-9t9f7X3as2XGX8b52GqG6ox0GvIdM86LyIXASJnDCFhYNgt+A+MByQZ3W2PyMRZjEvG5f8TEbSPfEotVuMJnQg=="
    },
    "binary": {
      "version": "0.3.0",
      "resolved": "https://registry.npmjs.org/binary/-/binary-0.3.0.tgz",
      "integrity": "sha1-n2BVO8XOjDOG87VTz/R0Yq3sqnk=",
      "requires": {
        "buffers": "~0.1.1",
        "chainsaw": "~0.1.0"
      }
    },
    "bl": {
      "version": "3.0.0",
      "resolved": "https://registry.npmjs.org/bl/-/bl-3.0.0.tgz",
      "integrity": "sha512-EUAyP5UHU5hxF8BPT0LKW8gjYLhq1DQIcneOX/pL/m2Alo+OYDQAJlHq+yseMP50Os2nHXOSic6Ss3vSQeyf4A==",
      "requires": {
        "readable-stream": "^3.0.1"
      },
      "dependencies": {
        "readable-stream": {
          "version": "3.4.0",
          "resolved": "https://registry.npmjs.org/readable-stream/-/readable-stream-3.4.0.tgz",
          "integrity": "sha512-jItXPLmrSR8jmTRmRWJXCnGJsfy85mB3Wd/uINMXA65yrnFo0cPClFIUWzo2najVNSl+mx7/4W8ttlLWJe99pQ==",
          "requires": {
            "inherits": "^2.0.3",
            "string_decoder": "^1.1.1",
            "util-deprecate": "^1.0.1"
          }
        }
      }
    },
    "bluebird": {
      "version": "3.4.7",
      "resolved": "https://registry.npmjs.org/bluebird/-/bluebird-3.4.7.tgz",
      "integrity": "sha1-9y12C+Cbf3bQjtj66Ysomo0F+rM="
    },
    "brace-expansion": {
      "version": "1.1.11",
      "resolved": "https://registry.npmjs.org/brace-expansion/-/brace-expansion-1.1.11.tgz",
      "integrity": "sha512-iCuPHDFgrHX7H2vEI/5xpz07zSHB00TpugqhmYtVmMO6518mCuRMoOYFldEBl0g187ufozdaHgWKcYFb61qGiA==",
      "requires": {
        "balanced-match": "^1.0.0",
        "concat-map": "0.0.1"
      }
    },
    "buffer": {
      "version": "5.4.3",
      "resolved": "https://registry.npmjs.org/buffer/-/buffer-5.4.3.tgz",
      "integrity": "sha512-zvj65TkFeIt3i6aj5bIvJDzjjQQGs4o/sNoezg1F1kYap9Nu2jcUdpwzRSJTHMMzG0H7bZkn4rNQpImhuxWX2A==",
      "requires": {
        "base64-js": "^1.0.2",
        "ieee754": "^1.1.4"
      }
    },
    "buffer-crc32": {
      "version": "0.2.13",
      "resolved": "https://registry.npmjs.org/buffer-crc32/-/buffer-crc32-0.2.13.tgz",
      "integrity": "sha1-DTM+PwDqxQqhRUq9MO+MKl2ackI="
    },
    "buffer-indexof-polyfill": {
      "version": "1.0.1",
      "resolved": "https://registry.npmjs.org/buffer-indexof-polyfill/-/buffer-indexof-polyfill-1.0.1.tgz",
      "integrity": "sha1-qfuAbOgUXVQoUQznLyeLs2OmOL8="
    },
    "buffers": {
      "version": "0.1.1",
      "resolved": "https://registry.npmjs.org/buffers/-/buffers-0.1.1.tgz",
      "integrity": "sha1-skV5w77U1tOWru5tmorn9Ugqt7s="
    },
    "camelcase": {
      "version": "4.1.0",
      "resolved": "https://registry.npmjs.org/camelcase/-/camelcase-4.1.0.tgz",
      "integrity": "sha1-1UVjW+HjPFQmScaRc+Xeas+uNN0="
    },
    "cfb": {
      "version": "1.1.3",
      "resolved": "https://registry.npmjs.org/cfb/-/cfb-1.1.3.tgz",
      "integrity": "sha512-joXBW0nMuwV9no7UTMiyVJnQL6XIU3ThXVjFUDHgl9MpILPOomyfaGqC290VELZ48bbQKZXnQ81UT5HouTxHsw==",
      "requires": {
        "adler-32": "~1.2.0",
        "commander": "^2.16.0",
        "crc-32": "~1.2.0",
        "printj": "~1.1.2"
      }
    },
    "chainsaw": {
      "version": "0.1.0",
      "resolved": "https://registry.npmjs.org/chainsaw/-/chainsaw-0.1.0.tgz",
      "integrity": "sha1-XqtQsor+WAdNDVgpE4iCi15fvJg=",
      "requires": {
        "traverse": ">=0.3.0 <0.4"
      }
    },
    "cliss": {
      "version": "0.0.2",
      "resolved": "https://registry.npmjs.org/cliss/-/cliss-0.0.2.tgz",
      "integrity": "sha512-6rj9pgdukjT994Md13JCUAgTk91abAKrygL9sAvmHY4F6AKMOV8ccGaxhUUfcBuyg3sundWnn3JE0Mc9W6ZYqw==",
      "requires": {
        "command-line-usage": "^4.0.1",
        "deepmerge": "^2.0.0",
        "get-stdin": "^5.0.1",
        "inspect-parameters-declaration": "0.0.9",
        "object-to-arguments": "0.0.8",
        "pipe-functions": "^1.3.0",
        "strip-ansi": "^4.0.0",
        "yargs-parser": "^7.0.0"
      }
    },
    "codepage": {
      "version": "1.14.0",
      "resolved": "https://registry.npmjs.org/codepage/-/codepage-1.14.0.tgz",
      "integrity": "sha1-jL4lSBMjVZ19MHVxsP/5HnodL5k=",
      "requires": {
        "commander": "~2.14.1",
        "exit-on-epipe": "~1.0.1"
      },
      "dependencies": {
        "commander": {
          "version": "2.14.1",
          "resolved": "https://registry.npmjs.org/commander/-/commander-2.14.1.tgz",
          "integrity": "sha512-+YR16o3rK53SmWHU3rEM3tPAh2rwb1yPcQX5irVn7mb0gXbwuCCrnkbV5+PBfETdfg1vui07nM6PCG1zndcjQw=="
        }
      }
    },
    "coffeescript": {
      "version": "1.12.7",
      "resolved": "https://registry.npmjs.org/coffeescript/-/coffeescript-1.12.7.tgz",
      "integrity": "sha512-pLXHFxQMPklVoEekowk8b3erNynC+DVJzChxS/LCBBgR6/8AJkHivkm//zbowcfc7BTCAjryuhx6gPqPRfsFoA=="
    },
    "command-line-usage": {
      "version": "4.1.0",
      "resolved": "https://registry.npmjs.org/command-line-usage/-/command-line-usage-4.1.0.tgz",
      "integrity": "sha512-MxS8Ad995KpdAC0Jopo/ovGIroV/m0KHwzKfXxKag6FHOkGsH8/lv5yjgablcRxCJJC0oJeUMuO/gmaq+Wq46g==",
      "requires": {
        "ansi-escape-sequences": "^4.0.0",
        "array-back": "^2.0.0",
        "table-layout": "^0.4.2",
        "typical": "^2.6.1"
      }
    },
    "commander": {
      "version": "2.17.1",
      "resolved": "https://registry.npmjs.org/commander/-/commander-2.17.1.tgz",
      "integrity": "sha512-wPMUt6FnH2yzG95SA6mzjQOEKUU3aLaDEmzs1ti+1E9h+CsrZghRlqEM/EJ4KscsQVG8uNN4uVreUeT8+drlgg=="
    },
    "compress-commons": {
      "version": "2.1.1",
      "resolved": "https://registry.npmjs.org/compress-commons/-/compress-commons-2.1.1.tgz",
      "integrity": "sha512-eVw6n7CnEMFzc3duyFVrQEuY1BlHR3rYsSztyG32ibGMW722i3C6IizEGMFmfMU+A+fALvBIwxN3czffTcdA+Q==",
      "requires": {
        "buffer-crc32": "^0.2.13",
        "crc32-stream": "^3.0.1",
        "normalize-path": "^3.0.0",
        "readable-stream": "^2.3.6"
      }
    },
    "concat-map": {
      "version": "0.0.1",
      "resolved": "https://registry.npmjs.org/concat-map/-/concat-map-0.0.1.tgz",
      "integrity": "sha1-2Klr13/Wjfd5OnMDajug1UBdR3s="
    },
    "convert-excel-to-json": {
      "version": "1.6.1",
      "resolved": "https://registry.npmjs.org/convert-excel-to-json/-/convert-excel-to-json-1.6.1.tgz",
      "integrity": "sha512-8uK4spcnHTZGSpMnu98a/f0sJ1MOD3xoixMF/c2rh8QpFC+BxDWyJ8LAbwoz4XX277HrlH9/ueqqLJBVMKhuUg==",
      "requires": {
        "argparse": "^1.0.2",
        "magicli": "0.0.8",
        "node.extend": "^2.0.2",
        "xlsx": "^0.12.1"
      },
      "dependencies": {
        "cfb": {
          "version": "1.0.8",
          "resolved": "https://registry.npmjs.org/cfb/-/cfb-1.0.8.tgz",
          "integrity": "sha1-d/ITST1pfXVP2cD1UR6rWtctAs8=",
          "requires": {
            "commander": "^2.14.1",
            "printj": "~1.1.2"
          }
        },
        "codepage": {
          "version": "1.13.1",
          "resolved": "https://registry.npmjs.org/codepage/-/codepage-1.13.1.tgz",
          "integrity": "sha512-KnY6cQlgkfBjplnQkLk3M5KEfAKa7i9SMqXp+bMuy2/bgYovvU4LDAQvkMaoScwhvozA9VUtgnbS4Z8f7zVA8w==",
          "requires": {
            "commander": "~2.14.1",
            "exit-on-epipe": "~1.0.1"
          },
          "dependencies": {
            "commander": {
              "version": "2.14.1",
              "resolved": "https://registry.npmjs.org/commander/-/commander-2.14.1.tgz",
              "integrity": "sha512-+YR16o3rK53SmWHU3rEM3tPAh2rwb1yPcQX5irVn7mb0gXbwuCCrnkbV5+PBfETdfg1vui07nM6PCG1zndcjQw=="
            }
          }
        },
        "commander": {
          "version": "2.15.1",
          "resolved": "https://registry.npmjs.org/commander/-/commander-2.15.1.tgz",
          "integrity": "sha512-VlfT9F3V0v+jr4yxPc5gg9s62/fIVWsd2Bk2iD435um1NlGMYdVCq+MjcXnhYq2icNOizHr1kK+5TI6H0Hy0ag=="
        },
        "xlsx": {
          "version": "0.12.13",
          "resolved": "https://registry.npmjs.org/xlsx/-/xlsx-0.12.13.tgz",
          "integrity": "sha512-9/2H4PLphmG8sDvI3mfWb6JIFqbvK8IRGhgS55Pw5F+fmKPuzdv4OW9RFjrH5PiTKeqB/883Z8o+jW3JrDahmw==",
          "requires": {
            "adler-32": "~1.2.0",
            "cfb": "~1.0.7",
            "codepage": "~1.13.0",
            "commander": "~2.15.1",
            "crc-32": "~1.2.0",
            "exit-on-epipe": "~1.0.1",
            "ssf": "~0.10.2"
          }
        }
      }
    },
    "core-util-is": {
      "version": "1.0.2",
      "resolved": "https://registry.npmjs.org/core-util-is/-/core-util-is-1.0.2.tgz",
      "integrity": "sha1-tf1UIgqivFq1eqtxQMlAdUUDwac="
    },
    "crc": {
      "version": "3.8.0",
      "resolved": "https://registry.npmjs.org/crc/-/crc-3.8.0.tgz",
      "integrity": "sha512-iX3mfgcTMIq3ZKLIsVFAbv7+Mc10kxabAGQb8HvjA1o3T1PIYprbakQ65d3I+2HGHt6nSKkM9PYjgoJO2KcFBQ==",
      "requires": {
        "buffer": "^5.1.0"
      }
    },
    "crc-32": {
      "version": "1.2.0",
      "resolved": "https://registry.npmjs.org/crc-32/-/crc-32-1.2.0.tgz",
      "integrity": "sha512-1uBwHxF+Y/4yF5G48fwnKq6QsIXheor3ZLPT80yGBV1oEUwpPojlEhQbWKVw1VwcTQyMGHK1/XMmTjmlsmTTGA==",
      "requires": {
        "exit-on-epipe": "~1.0.1",
        "printj": "~1.1.0"
      }
    },
    "crc32-stream": {
      "version": "3.0.1",
      "resolved": "https://registry.npmjs.org/crc32-stream/-/crc32-stream-3.0.1.tgz",
      "integrity": "sha512-mctvpXlbzsvK+6z8kJwSJ5crm7yBwrQMTybJzMw1O4lLGJqjlDCXY2Zw7KheiA6XBEcBmfLx1D88mjRGVJtY9w==",
      "requires": {
        "crc": "^3.4.4",
        "readable-stream": "^3.4.0"
      },
      "dependencies": {
        "readable-stream": {
          "version": "3.4.0",
          "resolved": "https://registry.npmjs.org/readable-stream/-/readable-stream-3.4.0.tgz",
          "integrity": "sha512-jItXPLmrSR8jmTRmRWJXCnGJsfy85mB3Wd/uINMXA65yrnFo0cPClFIUWzo2najVNSl+mx7/4W8ttlLWJe99pQ==",
          "requires": {
            "inherits": "^2.0.3",
            "string_decoder": "^1.1.1",
            "util-deprecate": "^1.0.1"
          }
        }
      }
    },
    "dayjs": {
      "version": "1.8.17",
      "resolved": "https://registry.npmjs.org/dayjs/-/dayjs-1.8.17.tgz",
      "integrity": "sha512-47VY/htqYqr9GHd7HW/h56PpQzRBSJcxIQFwqL3P20bMF/3az5c3PWdVY3LmPXFl6cQCYHL7c79b9ov+2bOBbw=="
    },
    "deep-extend": {
      "version": "0.6.0",
      "resolved": "https://registry.npmjs.org/deep-extend/-/deep-extend-0.6.0.tgz",
      "integrity": "sha512-LOHxIOaPYdHlJRtCQfDIVZtfw/ufM8+rVj649RIHzcm/vGwQRXFt6OPqIFWsm2XEMrNIEtWR64sY1LEKD2vAOA=="
    },
    "deepmerge": {
      "version": "2.2.1",
      "resolved": "https://registry.npmjs.org/deepmerge/-/deepmerge-2.2.1.tgz",
      "integrity": "sha512-R9hc1Xa/NOBi9WRVUWg19rl1UB7Tt4kuPd+thNJgFZoxXsTz7ncaPaeIm+40oSGuP33DfMb4sZt1QIGiJzC4EA=="
    },
    "duplexer2": {
      "version": "0.1.4",
      "resolved": "https://registry.npmjs.org/duplexer2/-/duplexer2-0.1.4.tgz",
      "integrity": "sha1-ixLauHjA1p4+eJEFFmKjL8a93ME=",
      "requires": {
        "readable-stream": "^2.0.2"
      }
    },
    "end-of-stream": {
      "version": "1.4.4",
      "resolved": "https://registry.npmjs.org/end-of-stream/-/end-of-stream-1.4.4.tgz",
      "integrity": "sha512-+uw1inIHVPQoaVuHzRyXd21icM+cnt4CzD5rW+NC1wjOUSTOs+Te7FOv7AhN7vS9x/oIyhLP5PR1H+phQAHu5Q==",
      "requires": {
        "once": "^1.4.0"
      }
    },
    "exceljs": {
      "version": "3.4.0",
      "resolved": "https://registry.npmjs.org/exceljs/-/exceljs-3.4.0.tgz",
      "integrity": "sha512-ew9qyfpZp8CUddiRcUccZQYBHjRTMepaV83MOOxjKAxjj9RH+6UpR1CJ02pdHuQaM1jDhg6fKl6fZ6V3R37V9w==",
      "requires": {
        "archiver": "^3.0.0",
        "dayjs": "^1.8.15",
        "fast-csv": "^3.4.0",
        "jszip": "^3.1.5",
        "sax": "^1.2.4",
        "tmp": "^0.1.0",
        "unzipper": "^0.9.12"
      }
    },
    "exit-on-epipe": {
      "version": "1.0.1",
      "resolved": "https://registry.npmjs.org/exit-on-epipe/-/exit-on-epipe-1.0.1.tgz",
      "integrity": "sha512-h2z5mrROTxce56S+pnvAV890uu7ls7f1kEvVGJbw1OlFH3/mlJ5bkXu0KRyW94v37zzHPiUd55iLn3DA7TjWpw=="
    },
    "fast-csv": {
      "version": "3.4.0",
      "resolved": "https://registry.npmjs.org/fast-csv/-/fast-csv-3.4.0.tgz",
      "integrity": "sha512-/vPTDJc/l6VLOLIqcrMjuhyi8ZVTipTNl2GkVvaYiHlyh16oQMYPUkUVfREurT3MYE9j3mLQDk2Q8kPq30qQCg==",
      "requires": {
        "@types/lodash": "^4.14.132",
        "@types/node": "^12.0.2",
        "lodash": "^4.17.13"
      }
    },
    "find-up": {
      "version": "2.1.0",
      "resolved": "https://registry.npmjs.org/find-up/-/find-up-2.1.0.tgz",
      "integrity": "sha1-RdG35QbHF93UgndaK3eSCjwMV6c=",
      "requires": {
        "locate-path": "^2.0.0"
      }
    },
    "for-each-property": {
      "version": "0.0.4",
      "resolved": "https://registry.npmjs.org/for-each-property/-/for-each-property-0.0.4.tgz",
      "integrity": "sha1-z6hXrsFCLh0Sb/CHhPz2Jim8g/Y=",
      "requires": {
        "get-prototype-chain": "^1.0.1"
      }
    },
    "for-each-property-deep": {
      "version": "0.0.3",
      "resolved": "https://registry.npmjs.org/for-each-property-deep/-/for-each-property-deep-0.0.3.tgz",
      "integrity": "sha1-MTCaSvw4qcygbxsiP1PWSm0IP60=",
      "requires": {
        "for-each-property": "0.0.4"
      }
    },
    "frac": {
      "version": "1.1.2",
      "resolved": "https://registry.npmjs.org/frac/-/frac-1.1.2.tgz",
      "integrity": "sha512-w/XBfkibaTl3YDqASwfDUqkna4Z2p9cFSr1aHDt0WoMTECnRfBOv2WArlZILlqgWlmdIlALXGpM2AOhEk5W3IA=="
    },
    "fs-constants": {
      "version": "1.0.0",
      "resolved": "https://registry.npmjs.org/fs-constants/-/fs-constants-1.0.0.tgz",
      "integrity": "sha512-y6OAwoSIf7FyjMIv94u+b5rdheZEjzR63GTyZJm5qh4Bi+2YgwLCcI/fPFZkL5PSixOt6ZNKm+w+Hfp/Bciwow=="
    },
    "fs-extra": {
      "version": "8.1.0",
      "resolved": "https://registry.npmjs.org/fs-extra/-/fs-extra-8.1.0.tgz",
      "integrity": "sha512-yhlQgA6mnOJUKOsRUFsgJdQCvkKhcz8tlZG5HBQfReYZy46OwLcY+Zia0mtdHsOo9y/hP+CxMN0TU9QxoOtG4g==",
      "requires": {
        "graceful-fs": "^4.2.0",
        "jsonfile": "^4.0.0",
        "universalify": "^0.1.0"
      }
    },
    "fs.realpath": {
      "version": "1.0.0",
      "resolved": "https://registry.npmjs.org/fs.realpath/-/fs.realpath-1.0.0.tgz",
      "integrity": "sha1-FQStJSMVjKpA20onh8sBQRmU6k8="
    },
    "fstream": {
      "version": "1.0.12",
      "resolved": "https://registry.npmjs.org/fstream/-/fstream-1.0.12.tgz",
      "integrity": "sha512-WvJ193OHa0GHPEL+AycEJgxvBEwyfRkN1vhjca23OaPVMCaLCXTd5qAu82AjTcgP1UJmytkOKb63Ypde7raDIg==",
      "requires": {
        "graceful-fs": "^4.1.2",
        "inherits": "~2.0.0",
        "mkdirp": ">=0.5 0",
        "rimraf": "2"
      },
      "dependencies": {
        "mkdirp": {
          "version": "0.5.1",
          "resolved": "https://registry.npmjs.org/mkdirp/-/mkdirp-0.5.1.tgz",
          "integrity": "sha1-MAV0OOrGz3+MR2fzhkjWaX11yQM=",
          "requires": {
            "minimist": "0.0.8"
          }
        }
      }
    },
    "function-bind": {
      "version": "1.1.1",
      "resolved": "https://registry.npmjs.org/function-bind/-/function-bind-1.1.1.tgz",
      "integrity": "sha512-yIovAzMX49sF8Yl58fSCWJ5svSLuaibPxXQJFLmBObTuCr0Mf1KiPopGM9NiFjiYBCbfaa2Fh6breQ6ANVTI0A=="
    },
    "get-prototype-chain": {
      "version": "1.0.1",
      "resolved": "https://registry.npmjs.org/get-prototype-chain/-/get-prototype-chain-1.0.1.tgz",
      "integrity": "sha1-oXGhFeoeSQbG7ThDofABwYUQQW8="
    },
    "get-stdin": {
      "version": "5.0.1",
      "resolved": "https://registry.npmjs.org/get-stdin/-/get-stdin-5.0.1.tgz",
      "integrity": "sha1-Ei4WFZHiH/TFJTAwVpPyDmOTo5g="
    },
    "glob": {
      "version": "7.1.5",
      "resolved": "https://registry.npmjs.org/glob/-/glob-7.1.5.tgz",
      "integrity": "sha512-J9dlskqUXK1OeTOYBEn5s8aMukWMwWfs+rPTn/jn50Ux4MNXVhubL1wu/j2t+H4NVI+cXEcCaYellqaPVGXNqQ==",
      "requires": {
        "fs.realpath": "^1.0.0",
        "inflight": "^1.0.4",
        "inherits": "2",
        "minimatch": "^3.0.4",
        "once": "^1.3.0",
        "path-is-absolute": "^1.0.0"
      }
    },
    "graceful-fs": {
      "version": "4.2.3",
      "resolved": "https://registry.npmjs.org/graceful-fs/-/graceful-fs-4.2.3.tgz",
      "integrity": "sha512-a30VEBm4PEdx1dRB7MFK7BejejvCvBronbLjht+sHuGYj8PHs7M/5Z+rt5lw551vZ7yfTCj4Vuyy3mSJytDWRQ=="
    },
    "growl": {
      "version": "1.10.5",
      "resolved": "https://registry.npmjs.org/growl/-/growl-1.10.5.tgz",
      "integrity": "sha512-qBr4OuELkhPenW6goKVXiv47US3clb3/IbuWF9KNKEijAy9oeHxU9IgzjvJhHkUzhaj7rOUD7+YGWqUjLp5oSA=="
    },
    "has": {
      "version": "1.0.3",
      "resolved": "https://registry.npmjs.org/has/-/has-1.0.3.tgz",
      "integrity": "sha512-f2dvO0VU6Oej7RkWJGrehjbzMAjFp5/VKPp5tTpWIV4JHHZK1/BxbFRtf/siA2SWTe09caDmVtYYzWEIbBS4zw==",
      "requires": {
        "function-bind": "^1.1.1"
      }
    },
    "hat": {
      "version": "0.0.3",
      "resolved": "https://registry.npmjs.org/hat/-/hat-0.0.3.tgz",
      "integrity": "sha1-uwFKnmSzeIrtgAWRdBPU/z1QLYo="
    },
    "ieee754": {
      "version": "1.1.13",
      "resolved": "https://registry.npmjs.org/ieee754/-/ieee754-1.1.13.tgz",
      "integrity": "sha512-4vf7I2LYV/HaWerSo3XmlMkp5eZ83i+/CDluXi/IGTs/O1sejBNhTtnxzmRZfvOUqj7lZjqHkeTvpgSFDlWZTg=="
    },
    "immediate": {
      "version": "3.0.6",
      "resolved": "https://registry.npmjs.org/immediate/-/immediate-3.0.6.tgz",
      "integrity": "sha1-nbHb0Pr43m++D13V5Wu2BigN5ps="
    },
    "inflight": {
      "version": "1.0.6",
      "resolved": "https://registry.npmjs.org/inflight/-/inflight-1.0.6.tgz",
      "integrity": "sha1-Sb1jMdfQLQwJvJEKEHW6gWW1bfk=",
      "requires": {
        "once": "^1.3.0",
        "wrappy": "1"
      }
    },
    "inherits": {
      "version": "2.0.4",
      "resolved": "https://registry.npmjs.org/inherits/-/inherits-2.0.4.tgz",
      "integrity": "sha512-k/vGaX4/Yla3WzyMCvTQOXYeIHvqOKtnqBduzTHpzpQZzAskKMhZ2K+EnBiSM9zGSoIFeMpXKxa4dYeZIQqewQ=="
    },
    "inspect-function": {
      "version": "0.2.2",
      "resolved": "https://registry.npmjs.org/inspect-function/-/inspect-function-0.2.2.tgz",
      "integrity": "sha1-hdoMUli8TDMK4yg7Z0fgdZ2QpjU=",
      "requires": {
        "split-skip": "0.0.1",
        "unpack-string": "0.0.2"
      },
      "dependencies": {
        "split-skip": {
          "version": "0.0.1",
          "resolved": "https://registry.npmjs.org/split-skip/-/split-skip-0.0.1.tgz",
          "integrity": "sha1-gK2ONumOV2RUzDtmfB3SXYZejwA="
        }
      }
    },
    "inspect-parameters-declaration": {
      "version": "0.0.9",
      "resolved": "https://registry.npmjs.org/inspect-parameters-declaration/-/inspect-parameters-declaration-0.0.9.tgz",
      "integrity": "sha512-c3jrKKA1rwwrsjdGMAo2hFWV0vNe3/RKHxpE/OBt41LP3ynOVI1qmgxpZYK5SQu3jtWCyaho8L7AZzCjJ4mEUw==",
      "requires": {
        "magicli": "0.0.5",
        "split-skip": "0.0.2",
        "stringify-parameters": "0.0.4",
        "unpack-string": "0.0.2"
      },
      "dependencies": {
        "magicli": {
          "version": "0.0.5",
          "resolved": "https://registry.npmjs.org/magicli/-/magicli-0.0.5.tgz",
          "integrity": "sha1-zufQ+7THBRiqyxHsPrfiX/SaSSE=",
          "requires": {
            "commander": "^2.9.0",
            "get-stdin": "^5.0.1",
            "inspect-function": "^0.2.1",
            "pipe-functions": "^1.2.0"
          }
        }
      }
    },
    "inspect-property": {
      "version": "0.0.6",
      "resolved": "https://registry.npmjs.org/inspect-property/-/inspect-property-0.0.6.tgz",
      "integrity": "sha512-LgjHkRl9W6bj2n+kWrAOgvCYPTYt+LanE4rtd/vKNq6yEb+SvVV7UTLzoSPpDX6/U1cAz7VfqPr+lPAIz7wHaQ==",
      "requires": {
        "for-each-property": "0.0.4",
        "for-each-property-deep": "0.0.3",
        "inspect-function": "^0.3.1"
      },
      "dependencies": {
        "inspect-function": {
          "version": "0.3.4",
          "resolved": "https://registry.npmjs.org/inspect-function/-/inspect-function-0.3.4.tgz",
          "integrity": "sha512-s0RsbJqK/sNZ+U1mykGoTickog3ea1A9Qk4mXniogOBu4PgkkZ56elScO7QC/r8D94lhGmJ2NyDI1ipOA/uq/g==",
          "requires": {
            "inspect-parameters-declaration": "0.0.8",
            "magicli": "0.0.8",
            "split-skip": "0.0.1",
            "stringify-parameters": "0.0.4",
            "unpack-string": "0.0.2"
          }
        },
        "inspect-parameters-declaration": {
          "version": "0.0.8",
          "resolved": "https://registry.npmjs.org/inspect-parameters-declaration/-/inspect-parameters-declaration-0.0.8.tgz",
          "integrity": "sha512-W4QzN1LgFmasKOM+NoLlDd2OAZM3enNZlVUOXoGQKmYBDFgxoPDOyebF55ALaf8avyM9TavNwibXxg347RrzCg==",
          "requires": {
            "magicli": "0.0.5",
            "split-skip": "0.0.2",
            "stringify-parameters": "0.0.4",
            "unpack-string": "0.0.2"
          },
          "dependencies": {
            "inspect-function": {
              "version": "0.2.2",
              "resolved": "https://registry.npmjs.org/inspect-function/-/inspect-function-0.2.2.tgz",
              "integrity": "sha1-hdoMUli8TDMK4yg7Z0fgdZ2QpjU=",
              "requires": {
                "split-skip": "0.0.1",
                "unpack-string": "0.0.2"
              },
              "dependencies": {
                "split-skip": {
                  "version": "0.0.1",
                  "resolved": "https://registry.npmjs.org/split-skip/-/split-skip-0.0.1.tgz",
                  "integrity": "sha1-gK2ONumOV2RUzDtmfB3SXYZejwA="
                }
              }
            },
            "magicli": {
              "version": "0.0.5",
              "resolved": "https://registry.npmjs.org/magicli/-/magicli-0.0.5.tgz",
              "integrity": "sha1-zufQ+7THBRiqyxHsPrfiX/SaSSE=",
              "requires": {
                "commander": "^2.9.0",
                "get-stdin": "^5.0.1",
                "inspect-function": "^0.2.1",
                "pipe-functions": "^1.2.0"
              }
            },
            "split-skip": {
              "version": "0.0.2",
              "resolved": "https://registry.npmjs.org/split-skip/-/split-skip-0.0.2.tgz",
              "integrity": "sha1-2J2Iu9L3Pka1FYqjcKVhIk6A1GE="
            }
          }
        },
        "split-skip": {
          "version": "0.0.1",
          "resolved": "https://registry.npmjs.org/split-skip/-/split-skip-0.0.1.tgz",
          "integrity": "sha1-gK2ONumOV2RUzDtmfB3SXYZejwA="
        }
      }
    },
    "is": {
      "version": "3.3.0",
      "resolved": "https://registry.npmjs.org/is/-/is-3.3.0.tgz",
      "integrity": "sha512-nW24QBoPcFGGHJGUwnfpI7Yc5CdqWNdsyHQszVE/z2pKHXzh7FZ5GWhJqSyaQ9wMkQnsTx+kAI8bHlCX4tKdbg=="
    },
    "isarray": {
      "version": "1.0.0",
      "resolved": "https://registry.npmjs.org/isarray/-/isarray-1.0.0.tgz",
      "integrity": "sha1-u5NdSFgsuhaMBoNJV6VKPgcSTxE="
    },
    "jasmine-growl-reporter": {
      "version": "2.0.0",
      "resolved": "https://registry.npmjs.org/jasmine-growl-reporter/-/jasmine-growl-reporter-2.0.0.tgz",
      "integrity": "sha512-RYwVfPaGgxQQSHDOt6jQ99/KAkFQ/Fiwg/AzBS+uO9A4UhGhxb7hwXaUUSU/Zs0MxBoFNqmIRC+7P4/+5O3lXg==",
      "requires": {
        "growl": "^1.10.5"
      }
    },
    "jasmine-reporters": {
      "version": "1.0.2",
      "resolved": "https://registry.npmjs.org/jasmine-reporters/-/jasmine-reporters-1.0.2.tgz",
      "integrity": "sha1-q2E+1Zd9x0h+hbPBL2qOqNsq3jE=",
      "requires": {
        "mkdirp": "~0.3.5"
      }
    },
    "jsonfile": {
      "version": "4.0.0",
      "resolved": "https://registry.npmjs.org/jsonfile/-/jsonfile-4.0.0.tgz",
      "integrity": "sha1-h3Gq4HmbZAdrdmQPygWPnBDjPss=",
      "requires": {
        "graceful-fs": "^4.1.6"
      }
    },
    "jszip": {
      "version": "3.2.2",
      "resolved": "https://registry.npmjs.org/jszip/-/jszip-3.2.2.tgz",
      "integrity": "sha512-NmKajvAFQpbg3taXQXr/ccS2wcucR1AZ+NtyWp2Nq7HHVsXhcJFR8p0Baf32C2yVvBylFWVeKf+WI2AnvlPhpA==",
      "requires": {
        "lie": "~3.3.0",
        "pako": "~1.0.2",
        "readable-stream": "~2.3.6",
        "set-immediate-shim": "~1.0.1"
      }
    },
    "lazystream": {
      "version": "1.0.0",
      "resolved": "https://registry.npmjs.org/lazystream/-/lazystream-1.0.0.tgz",
      "integrity": "sha1-9plf4PggOS9hOWvolGJAe7dxaOQ=",
      "requires": {
        "readable-stream": "^2.0.5"
      }
    },
    "lie": {
      "version": "3.3.0",
      "resolved": "https://registry.npmjs.org/lie/-/lie-3.3.0.tgz",
      "integrity": "sha512-UaiMJzeWRlEujzAuw5LokY1L5ecNQYZKfmyZ9L7wDHb/p5etKaxXhohBcrw0EYby+G/NA52vRSN4N39dxHAIwQ==",
      "requires": {
        "immediate": "~3.0.5"
      }
    },
    "listenercount": {
      "version": "1.0.1",
      "resolved": "https://registry.npmjs.org/listenercount/-/listenercount-1.0.1.tgz",
      "integrity": "sha1-hMinKrWcRyUyFIDJdeZQg0LnCTc="
    },
    "locate-path": {
      "version": "2.0.0",
      "resolved": "https://registry.npmjs.org/locate-path/-/locate-path-2.0.0.tgz",
      "integrity": "sha1-K1aLJl7slExtnA3pw9u7ygNUzY4=",
      "requires": {
        "p-locate": "^2.0.0",
        "path-exists": "^3.0.0"
      }
    },
    "lodash": {
      "version": "4.17.15",
      "resolved": "https://registry.npmjs.org/lodash/-/lodash-4.17.15.tgz",
      "integrity": "sha512-8xOcRHvCjnocdS5cpwXQXVzmmh5e5+saE2QGoeQmbKmRS6J3VQppPOIt0MnmE+4xlZoumy0GPG0D0MVIQbNA1A=="
    },
    "lodash.defaults": {
      "version": "4.2.0",
      "resolved": "https://registry.npmjs.org/lodash.defaults/-/lodash.defaults-4.2.0.tgz",
      "integrity": "sha1-0JF4cW/+pN3p5ft7N/bwgCJ0WAw="
    },
    "lodash.difference": {
      "version": "4.5.0",
      "resolved": "https://registry.npmjs.org/lodash.difference/-/lodash.difference-4.5.0.tgz",
      "integrity": "sha1-nMtOUF1Ia5FlE0V3KIWi3yf9AXw="
    },
    "lodash.flatten": {
      "version": "4.4.0",
      "resolved": "https://registry.npmjs.org/lodash.flatten/-/lodash.flatten-4.4.0.tgz",
      "integrity": "sha1-8xwiIlqWMtK7+OSt2+8kCqdlph8="
    },
    "lodash.isplainobject": {
      "version": "4.0.6",
      "resolved": "https://registry.npmjs.org/lodash.isplainobject/-/lodash.isplainobject-4.0.6.tgz",
      "integrity": "sha1-fFJqUtibRcRcxpC4gWO+BJf1UMs="
    },
    "lodash.padend": {
      "version": "4.6.1",
      "resolved": "https://registry.npmjs.org/lodash.padend/-/lodash.padend-4.6.1.tgz",
      "integrity": "sha1-U8y6BH0G4VjTEfRdpiX05J5vFm4="
    },
    "lodash.union": {
      "version": "4.6.0",
      "resolved": "https://registry.npmjs.org/lodash.union/-/lodash.union-4.6.0.tgz",
      "integrity": "sha1-SLtQiECfFvGCFmZkHETdGqrjzYg="
    },
    "magicli": {
      "version": "0.0.8",
      "resolved": "https://registry.npmjs.org/magicli/-/magicli-0.0.8.tgz",
      "integrity": "sha512-x/eBenweAHF+DsYy172sK4doRxZl0yrJnfxhLJiN7H6hPM3Ya0PfI6uBZshZ3ScFFSQD7HXgBqMdbnXKEZsO1g==",
      "requires": {
        "cliss": "0.0.2",
        "find-up": "^2.1.0",
        "for-each-property": "0.0.4",
        "inspect-property": "0.0.6"
      }
    },
    "minimatch": {
      "version": "3.0.4",
      "resolved": "https://registry.npmjs.org/minimatch/-/minimatch-3.0.4.tgz",
      "integrity": "sha512-yJHVQEhyqPLUTgt9B83PXu6W3rx4MvvHvSUvToogpwoGDOUQ+yDrR0HRot+yOCdCO7u4hX3pWft6kWBBcqh0UA==",
      "requires": {
        "brace-expansion": "^1.1.7"
      }
    },
    "minimist": {
      "version": "0.0.8",
      "resolved": "https://registry.npmjs.org/minimist/-/minimist-0.0.8.tgz",
      "integrity": "sha1-hX/Kv8M5fSYluCKCYuhqp6ARsF0="
    },
    "mkdirp": {
      "version": "0.3.5",
      "resolved": "https://registry.npmjs.org/mkdirp/-/mkdirp-0.3.5.tgz",
      "integrity": "sha1-3j5fiWHIjHh+4TaN+EmsRBPsqNc="
    },
    "node.extend": {
      "version": "2.0.2",
      "resolved": "https://registry.npmjs.org/node.extend/-/node.extend-2.0.2.tgz",
      "integrity": "sha512-pDT4Dchl94/+kkgdwyS2PauDFjZG0Hk0IcHIB+LkW27HLDtdoeMxHTxZh39DYbPP8UflWXWj9JcdDozF+YDOpQ==",
      "requires": {
        "has": "^1.0.3",
        "is": "^3.2.1"
      }
    },
    "normalize-path": {
      "version": "3.0.0",
      "resolved": "https://registry.npmjs.org/normalize-path/-/normalize-path-3.0.0.tgz",
      "integrity": "sha512-6eZs5Ls3WtCisHWp9S2GUy8dqkpGi4BVSz3GaqiE6ezub0512ESztXUwUB6C6IKbQkY2Pnb/mD4WYojCRwcwLA=="
    },
    "object-to-arguments": {
      "version": "0.0.8",
      "resolved": "https://registry.npmjs.org/object-to-arguments/-/object-to-arguments-0.0.8.tgz",
      "integrity": "sha512-BfWfuAwuhdH1bhMG5EG90WE/eckkBhBvnke8eSEkCDXoLE9Jk5JwYGTbCx1ehGwV48HvBkn62VukPBdlMUOY9w==",
      "requires": {
        "inspect-parameters-declaration": "0.0.10",
        "magicli": "0.0.5",
        "split-skip": "0.0.2",
        "stringify-parameters": "0.0.4",
        "unpack-string": "0.0.2"
      },
      "dependencies": {
        "inspect-parameters-declaration": {
          "version": "0.0.10",
          "resolved": "https://registry.npmjs.org/inspect-parameters-declaration/-/inspect-parameters-declaration-0.0.10.tgz",
          "integrity": "sha512-L8/Bvt9iDXQTZ63xY5/MAyvzz+FagR/qGh1kIXvUpsno3AAE0Z95d6QO51zrcMGaEGpwh/57idfMxTxbvRmytg==",
          "requires": {
            "magicli": "0.0.5",
            "split-skip": "0.0.2",
            "stringify-parameters": "0.0.4",
            "unpack-string": "0.0.2"
          }
        },
        "magicli": {
          "version": "0.0.5",
          "resolved": "https://registry.npmjs.org/magicli/-/magicli-0.0.5.tgz",
          "integrity": "sha1-zufQ+7THBRiqyxHsPrfiX/SaSSE=",
          "requires": {
            "commander": "^2.9.0",
            "get-stdin": "^5.0.1",
            "inspect-function": "^0.2.1",
            "pipe-functions": "^1.2.0"
          }
        }
      }
    },
    "once": {
      "version": "1.4.0",
      "resolved": "https://registry.npmjs.org/once/-/once-1.4.0.tgz",
      "integrity": "sha1-WDsap3WWHUsROsF9nFC6753Xa9E=",
      "requires": {
        "wrappy": "1"
      }
    },
    "p-limit": {
      "version": "1.3.0",
      "resolved": "https://registry.npmjs.org/p-limit/-/p-limit-1.3.0.tgz",
      "integrity": "sha512-vvcXsLAJ9Dr5rQOPk7toZQZJApBl2K4J6dANSsEuh6QI41JYcsS/qhTGa9ErIUUgK3WNQoJYvylxvjqmiqEA9Q==",
      "requires": {
        "p-try": "^1.0.0"
      }
    },
    "p-locate": {
      "version": "2.0.0",
      "resolved": "https://registry.npmjs.org/p-locate/-/p-locate-2.0.0.tgz",
      "integrity": "sha1-IKAQOyIqcMj9OcwuWAaA893l7EM=",
      "requires": {
        "p-limit": "^1.1.0"
      }
    },
    "p-try": {
      "version": "1.0.0",
      "resolved": "https://registry.npmjs.org/p-try/-/p-try-1.0.0.tgz",
      "integrity": "sha1-y8ec26+P1CKOE/Yh8rGiN8GyB7M="
    },
    "pako": {
      "version": "1.0.10",
      "resolved": "https://registry.npmjs.org/pako/-/pako-1.0.10.tgz",
      "integrity": "sha512-0DTvPVU3ed8+HNXOu5Bs+o//Mbdj9VNQMUOe9oKCwh8l0GNwpTDMKCWbRjgtD291AWnkAgkqA/LOnQS8AmS1tw=="
    },
    "path-exists": {
      "version": "3.0.0",
      "resolved": "https://registry.npmjs.org/path-exists/-/path-exists-3.0.0.tgz",
      "integrity": "sha1-zg6+ql94yxiSXqfYENe1mwEP1RU="
    },
    "path-is-absolute": {
      "version": "1.0.1",
      "resolved": "https://registry.npmjs.org/path-is-absolute/-/path-is-absolute-1.0.1.tgz",
      "integrity": "sha1-F0uSaHNVNP+8es5r9TpanhtcX18="
    },
    "pipe-functions": {
      "version": "1.3.0",
      "resolved": "https://registry.npmjs.org/pipe-functions/-/pipe-functions-1.3.0.tgz",
      "integrity": "sha512-6Rtbp7criZRwedlvWbUYxqlqJoAlMvYHo2UcRWq79xZ54vZcaNHpVBOcWkX3ErT2aUA69tv+uiv4zKJbhD/Wgg=="
    },
    "printj": {
      "version": "1.1.2",
      "resolved": "https://registry.npmjs.org/printj/-/printj-1.1.2.tgz",
      "integrity": "sha512-zA2SmoLaxZyArQTOPj5LXecR+RagfPSU5Kw1qP+jkWeNlrq+eJZyY2oS68SU1Z/7/myXM4lo9716laOFAVStCQ=="
    },
    "process-nextick-args": {
      "version": "2.0.1",
      "resolved": "https://registry.npmjs.org/process-nextick-args/-/process-nextick-args-2.0.1.tgz",
      "integrity": "sha512-3ouUOpQhtgrbOa17J7+uxOTpITYWaGP7/AhoR3+A+/1e9skrzelGi/dXzEYyvbxubEF6Wn2ypscTKiKJFFn1ag=="
    },
    "protractor-html-screenshot-reporter": {
      "version": "0.0.21",
      "resolved": "https://registry.npmjs.org/protractor-html-screenshot-reporter/-/protractor-html-screenshot-reporter-0.0.21.tgz",
      "integrity": "sha1-B0SYi1cgrmetK3ZT7rSmaeRxCDM=",
      "requires": {
        "mkdirp": "~0.3.5",
        "underscore": "~1.6.0"
      },
      "dependencies": {
        "underscore": {
          "version": "1.6.0",
          "resolved": "https://registry.npmjs.org/underscore/-/underscore-1.6.0.tgz",
          "integrity": "sha1-izixDKze9jM3uLJOT/htRa6lKag="
        }
      }
    },
    "protractor-jasmine2-html-reporter": {
      "version": "0.0.7",
      "resolved": "https://registry.npmjs.org/protractor-jasmine2-html-reporter/-/protractor-jasmine2-html-reporter-0.0.7.tgz",
      "integrity": "sha1-RS2pyFPpw5hctSamqZM/XJerXYw=",
      "requires": {
        "async": "^2.1.4",
        "hat": "^0.0.3",
        "lodash": "^4.17.0",
        "mkdirp": "^0.5.0",
        "string.prototype.startswith": "^0.2.0"
      },
      "dependencies": {
        "mkdirp": {
          "version": "0.5.1",
          "resolved": "https://registry.npmjs.org/mkdirp/-/mkdirp-0.5.1.tgz",
          "integrity": "sha1-MAV0OOrGz3+MR2fzhkjWaX11yQM=",
          "requires": {
            "minimist": "0.0.8"
          }
        }
      }
    },
    "read-excel-file": {
      "version": "4.0.3",
      "resolved": "https://registry.npmjs.org/read-excel-file/-/read-excel-file-4.0.3.tgz",
      "integrity": "sha512-qJhQLwZxfnuQAV/w2DWVbnLgjer37eXn8Q9zZqzdDp8tQmIFnG/GXVGyKvQvlahCxFCc6PrLHTocNRVZ7IG0bQ==",
      "requires": {
        "jszip": "^3.1.5",
        "unzipper": "^0.9.15",
        "xmldom": "^0.1.27",
        "xpath": "0.0.27"
      }
    },
    "readable-stream": {
      "version": "2.3.6",
      "resolved": "https://registry.npmjs.org/readable-stream/-/readable-stream-2.3.6.tgz",
      "integrity": "sha512-tQtKA9WIAhBF3+VLAseyMqZeBjW0AHJoxOtYqSUZNJxauErmLbVm2FW1y+J/YA9dUrAC39ITejlZWhVIwawkKw==",
      "requires": {
        "core-util-is": "~1.0.0",
        "inherits": "~2.0.3",
        "isarray": "~1.0.0",
        "process-nextick-args": "~2.0.0",
        "safe-buffer": "~5.1.1",
        "string_decoder": "~1.1.1",
        "util-deprecate": "~1.0.1"
      }
    },
    "reduce-flatten": {
      "version": "1.0.1",
      "resolved": "https://registry.npmjs.org/reduce-flatten/-/reduce-flatten-1.0.1.tgz",
      "integrity": "sha1-JYx479FT3fk8tWEjf2EYTzaW4yc="
    },
    "requirejs": {
      "version": "2.3.6",
      "resolved": "https://registry.npmjs.org/requirejs/-/requirejs-2.3.6.tgz",
      "integrity": "sha512-ipEzlWQe6RK3jkzikgCupiTbTvm4S0/CAU5GlgptkN5SO6F3u0UD0K18wy6ErDqiCyP4J4YYe1HuAShvsxePLg=="
    },
    "rimraf": {
      "version": "2.7.1",
      "resolved": "https://registry.npmjs.org/rimraf/-/rimraf-2.7.1.tgz",
      "integrity": "sha512-uWjbaKIK3T1OSVptzX7Nl6PvQ3qAGtKEtVRjRuazjfL3Bx5eI409VZSqgND+4UNnmzLVdPj9FqFJNPqBZFve4w==",
      "requires": {
        "glob": "^7.1.3"
      }
    },
    "safe-buffer": {
      "version": "5.1.2",
      "resolved": "https://registry.npmjs.org/safe-buffer/-/safe-buffer-5.1.2.tgz",
      "integrity": "sha512-Gd2UZBJDkXlY7GbJxfsE8/nvKkUEU1G38c1siN6QP6a9PT9MmHB8GnpscSmMJSoF8LOIrt8ud/wPtojys4G6+g=="
    },
    "sax": {
      "version": "1.2.4",
      "resolved": "https://registry.npmjs.org/sax/-/sax-1.2.4.tgz",
      "integrity": "sha512-NqVDv9TpANUjFm0N8uM5GxL36UgKi9/atZw+x7YFnQ8ckwFGKrl4xX4yWtrey3UJm5nP1kUbnYgLopqWNSRhWw=="
    },
    "set-immediate-shim": {
      "version": "1.0.1",
      "resolved": "https://registry.npmjs.org/set-immediate-shim/-/set-immediate-shim-1.0.1.tgz",
      "integrity": "sha1-SysbJ+uAip+NzEgaWOXlb1mfP2E="
    },
    "setimmediate": {
      "version": "1.0.5",
      "resolved": "https://registry.npmjs.org/setimmediate/-/setimmediate-1.0.5.tgz",
      "integrity": "sha1-KQy7Iy4waULX1+qbg3Mqt4VvgoU="
    },
    "split-skip": {
      "version": "0.0.2",
      "resolved": "https://registry.npmjs.org/split-skip/-/split-skip-0.0.2.tgz",
      "integrity": "sha1-2J2Iu9L3Pka1FYqjcKVhIk6A1GE="
    },
    "sprintf-js": {
      "version": "1.0.3",
      "resolved": "https://registry.npmjs.org/sprintf-js/-/sprintf-js-1.0.3.tgz",
      "integrity": "sha1-BOaSb2YolTVPPdAVIDYzuFcpfiw="
    },
    "ssf": {
      "version": "0.10.2",
      "resolved": "https://registry.npmjs.org/ssf/-/ssf-0.10.2.tgz",
      "integrity": "sha512-rDhAPm9WyIsY8eZEKyE8Qsotb3j/wBdvMWBUsOhJdfhKGLfQidRjiBUV0y/MkyCLiXQ38FG6LWW/VYUtqlIDZQ==",
      "requires": {
        "frac": "~1.1.2"
      }
    },
    "string.prototype.startswith": {
      "version": "0.2.0",
      "resolved": "https://registry.npmjs.org/string.prototype.startswith/-/string.prototype.startswith-0.2.0.tgz",
      "integrity": "sha1-2miYLjU6TprEpDtFCiBF0cRFrns="
    },
    "string_decoder": {
      "version": "1.1.1",
      "resolved": "https://registry.npmjs.org/string_decoder/-/string_decoder-1.1.1.tgz",
      "integrity": "sha512-n/ShnvDi6FHbbVfviro+WojiFzv+s8MPMHBczVePfUpDJLwoLT0ht1l4YwBCbi8pJAveEEdnkHyPyTP/mzRfwg==",
      "requires": {
        "safe-buffer": "~5.1.0"
      }
    },
    "stringify-parameters": {
      "version": "0.0.4",
      "resolved": "https://registry.npmjs.org/stringify-parameters/-/stringify-parameters-0.0.4.tgz",
      "integrity": "sha512-H3L90ERn5UPtkpO8eugnKcLgpIVlvTyUTrcLGm607AV5JDH6z0GymtNLr3gjGlP6I6NB/mxNX9QpY6jEQGLPdQ==",
      "requires": {
        "magicli": "0.0.5",
        "unpack-string": "0.0.2"
      },
      "dependencies": {
        "magicli": {
          "version": "0.0.5",
          "resolved": "https://registry.npmjs.org/magicli/-/magicli-0.0.5.tgz",
          "integrity": "sha1-zufQ+7THBRiqyxHsPrfiX/SaSSE=",
          "requires": {
            "commander": "^2.9.0",
            "get-stdin": "^5.0.1",
            "inspect-function": "^0.2.1",
            "pipe-functions": "^1.2.0"
          }
        }
      }
    },
    "strip-ansi": {
      "version": "4.0.0",
      "resolved": "https://registry.npmjs.org/strip-ansi/-/strip-ansi-4.0.0.tgz",
      "integrity": "sha1-qEeQIusaw2iocTibY1JixQXuNo8=",
      "requires": {
        "ansi-regex": "^3.0.0"
      }
    },
    "table-layout": {
      "version": "0.4.5",
      "resolved": "https://registry.npmjs.org/table-layout/-/table-layout-0.4.5.tgz",
      "integrity": "sha512-zTvf0mcggrGeTe/2jJ6ECkJHAQPIYEwDoqsiqBjI24mvRmQbInK5jq33fyypaCBxX08hMkfmdOqj6haT33EqWw==",
      "requires": {
        "array-back": "^2.0.0",
        "deep-extend": "~0.6.0",
        "lodash.padend": "^4.6.1",
        "typical": "^2.6.1",
        "wordwrapjs": "^3.0.0"
      }
    },
    "tar-stream": {
      "version": "2.1.0",
      "resolved": "https://registry.npmjs.org/tar-stream/-/tar-stream-2.1.0.tgz",
      "integrity": "sha512-+DAn4Nb4+gz6WZigRzKEZl1QuJVOLtAwwF+WUxy1fJ6X63CaGaUAxJRD2KEn1OMfcbCjySTYpNC6WmfQoIEOdw==",
      "requires": {
        "bl": "^3.0.0",
        "end-of-stream": "^1.4.1",
        "fs-constants": "^1.0.0",
        "inherits": "^2.0.3",
        "readable-stream": "^3.1.1"
      },
      "dependencies": {
        "readable-stream": {
          "version": "3.4.0",
          "resolved": "https://registry.npmjs.org/readable-stream/-/readable-stream-3.4.0.tgz",
          "integrity": "sha512-jItXPLmrSR8jmTRmRWJXCnGJsfy85mB3Wd/uINMXA65yrnFo0cPClFIUWzo2najVNSl+mx7/4W8ttlLWJe99pQ==",
          "requires": {
            "inherits": "^2.0.3",
            "string_decoder": "^1.1.1",
            "util-deprecate": "^1.0.1"
          }
        }
      }
    },
    "tmp": {
      "version": "0.1.0",
      "resolved": "https://registry.npmjs.org/tmp/-/tmp-0.1.0.tgz",
      "integrity": "sha512-J7Z2K08jbGcdA1kkQpJSqLF6T0tdQqpR2pnSUXsIchbPdTI9v3e85cLW0d6WDhwuAleOV71j2xWs8qMPfK7nKw==",
      "requires": {
        "rimraf": "^2.6.3"
      }
    },
    "traverse": {
      "version": "0.3.9",
      "resolved": "https://registry.npmjs.org/traverse/-/traverse-0.3.9.tgz",
      "integrity": "sha1-cXuPIgzAu3tE5AUUwisui7xw2Lk="
    },
    "typical": {
      "version": "2.6.1",
      "resolved": "https://registry.npmjs.org/typical/-/typical-2.6.1.tgz",
      "integrity": "sha1-XAgOXWYcu+OCWdLnCjxyU+hziB0="
    },
    "underscore": {
      "version": "1.9.1",
      "resolved": "https://registry.npmjs.org/underscore/-/underscore-1.9.1.tgz",
      "integrity": "sha512-5/4etnCkd9c8gwgowi5/om/mYO5ajCaOgdzj/oW+0eQV9WxKBDZw5+ycmKmeaTXjInS/W0BzpGLo2xR2aBwZdg=="
    },
    "universalify": {
      "version": "0.1.2",
      "resolved": "https://registry.npmjs.org/universalify/-/universalify-0.1.2.tgz",
      "integrity": "sha512-rBJeI5CXAlmy1pV+617WB9J63U6XcazHHF2f2dbJix4XzpUF0RS3Zbj0FGIOCAva5P/d/GBOYaACQ1w+0azUkg=="
    },
    "unpack-string": {
      "version": "0.0.2",
      "resolved": "https://registry.npmjs.org/unpack-string/-/unpack-string-0.0.2.tgz",
      "integrity": "sha1-MC7PCCOLATm9Q0pNf9Z83zPKJ10="
    },
    "unzipper": {
      "version": "0.9.15",
      "resolved": "https://registry.npmjs.org/unzipper/-/unzipper-0.9.15.tgz",
      "integrity": "sha512-2aaUvO4RAeHDvOCuEtth7jrHFaCKTSXPqUkXwADaLBzGbgZGzUDccoEdJ5lW+3RmfpOZYNx0Rw6F6PUzM6caIA==",
      "requires": {
        "big-integer": "^1.6.17",
        "binary": "~0.3.0",
        "bluebird": "~3.4.1",
        "buffer-indexof-polyfill": "~1.0.0",
        "duplexer2": "~0.1.4",
        "fstream": "^1.0.12",
        "listenercount": "~1.0.1",
        "readable-stream": "~2.3.6",
        "setimmediate": "~1.0.4"
      }
    },
    "util-deprecate": {
      "version": "1.0.2",
      "resolved": "https://registry.npmjs.org/util-deprecate/-/util-deprecate-1.0.2.tgz",
      "integrity": "sha1-RQ1Nyfpw3nMnYvvS1KKJgUGaDM8="
    },
    "walkdir": {
      "version": "0.0.12",
      "resolved": "https://registry.npmjs.org/walkdir/-/walkdir-0.0.12.tgz",
      "integrity": "sha512-HFhaD4mMWPzFSqhpyDG48KDdrjfn409YQuVW7ckZYhW4sE87mYtWifdB/+73RA7+p4s4K18n5Jfx1kHthE1gBw=="
    },
    "wordwrapjs": {
      "version": "3.0.0",
      "resolved": "https://registry.npmjs.org/wordwrapjs/-/wordwrapjs-3.0.0.tgz",
      "integrity": "sha512-mO8XtqyPvykVCsrwj5MlOVWvSnCdT+C+QVbm6blradR7JExAhbkZ7hZ9A+9NUtwzSqrlUo9a67ws0EiILrvRpw==",
      "requires": {
        "reduce-flatten": "^1.0.1",
        "typical": "^2.6.1"
      }
    },
    "wrappy": {
      "version": "1.0.2",
      "resolved": "https://registry.npmjs.org/wrappy/-/wrappy-1.0.2.tgz",
      "integrity": "sha1-tSQ9jz7BqjXxNkYFvA0QNuMKtp8="
    },
    "xlsx": {
      "version": "0.15.1",
      "resolved": "https://registry.npmjs.org/xlsx/-/xlsx-0.15.1.tgz",
      "integrity": "sha512-z+o4+QPMc32EPboLCzJAz94o0Zyy+8jrmWTsVpfzwknFln9qDO6/HN1KrGGVC4//sGA7dh4R3HA4fhbGIKCDOA==",
      "requires": {
        "adler-32": "~1.2.0",
        "cfb": "^1.1.3",
        "codepage": "~1.14.0",
        "commander": "~2.17.1",
        "crc-32": "~1.2.0",
        "exit-on-epipe": "~1.0.1",
        "ssf": "~0.10.2"
      }
    },
    "xmldom": {
      "version": "0.1.27",
      "resolved": "https://registry.npmjs.org/xmldom/-/xmldom-0.1.27.tgz",
      "integrity": "sha1-1QH5ezvbQDr4757MIFcxh6rawOk="
    },
    "xpath": {
      "version": "0.0.27",
      "resolved": "https://registry.npmjs.org/xpath/-/xpath-0.0.27.tgz",
      "integrity": "sha512-fg03WRxtkCV6ohClePNAECYsmpKKTv5L8y/X3Dn1hQrec3POx2jHZ/0P2qQ6HvsrU1BmeqXcof3NGGueG6LxwQ=="
    },
    "yargs-parser": {
      "version": "7.0.0",
      "resolved": "https://registry.npmjs.org/yargs-parser/-/yargs-parser-7.0.0.tgz",
      "integrity": "sha1-jQrELxbqVd69MyyvTEA4s+P139k=",
      "requires": {
        "camelcase": "^4.1.0"
      }
    },
    "zip-stream": {
      "version": "2.1.2",
      "resolved": "https://registry.npmjs.org/zip-stream/-/zip-stream-2.1.2.tgz",
      "integrity": "sha512-ykebHGa2+uzth/R4HZLkZh3XFJzivhVsjJt8bN3GvBzLaqqrUdRacu+c4QtnUgjkkQfsOuNE1JgLKMCPNmkKgg==",
      "requires": {
        "archiver-utils": "^2.1.0",
        "compress-commons": "^2.1.1",
        "readable-stream": "^3.4.0"
      },
      "dependencies": {
        "readable-stream": {
          "version": "3.4.0",
          "resolved": "https://registry.npmjs.org/readable-stream/-/readable-stream-3.4.0.tgz",
          "integrity": "sha512-jItXPLmrSR8jmTRmRWJXCnGJsfy85mB3Wd/uINMXA65yrnFo0cPClFIUWzo2najVNSl+mx7/4W8ttlLWJe99pQ==",
          "requires": {
            "inherits": "^2.0.3",
            "string_decoder": "^1.1.1",
            "util-deprecate": "^1.0.1"
          }
        }
      }
    }
  }
}
